
Microsoft Visual Studio Solution File, Format Version 12.00
# Visual Studio Version 16
VisualStudioVersion = 16.0.29920.165
MinimumVisualStudioVersion = 10.0.40219.1
Project("{9A19103F-16F7-4668-BE54-9A1E7A4F7556}") = "Importer", "Importer\Importer.csproj", "{47DD3688-C41B-4D74-8E05-84405EE5D8A3}"
EndProject
Global
	GlobalSection(SolutionConfigurationPlatforms) = preSolution
		Debug|Any CPU = Debug|Any CPU
		Release|Any CPU = Release|Any CPU
	EndGlobalSection
	GlobalSection(ProjectConfigurationPlatforms) = postSolution
		{47DD3688-C41B-4D74-8E05-84405EE5D8A3}.Debug|Any CPU.ActiveCfg = Debug|Any CPU
		{47DD3688-C41B-4D74-8E05-84405EE5D8A3}.Debug|Any CPU.Build.0 = Debug|Any CPU
		{47DD3688-C41B-4D74-8E05-84405EE5D8A3}.Release|Any CPU.ActiveCfg = Release|Any CPU
		{47DD3688-C41B-4D74-8E05-84405EE5D8A3}.Release|Any CPU.Build.0 = Release|Any CPU
	EndGlobalSection
	GlobalSection(SolutionProperties) = preSolution
		HideSolutionNode = FALSE
	EndGlobalSection
	GlobalSection(ExtensibilityGlobals) = postSolution
		SolutionGuid = {553D8B05-41CA-4FE2-81BF-52A523D95470}
	EndGlobalSection
EndGlobal
